
Microsoft Visual Studio Solution File, Format Version 12.00
# Visual Studio Version 16
VisualStudioVersion = 16.0.30503.244
MinimumVisualStudioVersion = 10.0.40219.1
Project("{FAE04EC0-301F-11D3-BF4B-00C04F79EFBC}") = "CSharpConsoleApp1", "CSharpConsoleApp1.csproj", "{8B080FAB-6B3B-469B-BE86-D04A594C7E39}"
EndProject
Global
	GlobalSection(SolutionConfigurationPlatforms) = preSolution
		Debug|Any CPU = Debug|Any CPU
		Release|Any CPU = Release|Any CPU
	EndGlobalSection
	GlobalSection(ProjectConfigurationPlatforms) = postSolution
		{8B080FAB-6B3B-469B-BE86-D04A594C7E39}.Debug|Any CPU.ActiveCfg = Debug|Any CPU
		{8B080FAB-6B3B-469B-BE86-D04A594C7E39}.Debug|Any CPU.Build.0 = Debug|Any CPU
		{8B080FAB-6B3B-469B-BE86-D04A594C7E39}.Release|Any CPU.ActiveCfg = Release|Any CPU
		{8B080FAB-6B3B-469B-BE86-D04A594C7E39}.Release|Any CPU.Build.0 = Release|Any CPU
	EndGlobalSection
	GlobalSection(SolutionProperties) = preSolution
		HideSolutionNode = FALSE
	EndGlobalSection
	GlobalSection(ExtensibilityGlobals) = postSolution
		SolutionGuid = {2C2AAABC-19E1-4658-8025-F81D750E8083}
	EndGlobalSection
EndGlobal
